hash: 5e6315cb47f0838c1961f08c20e689a5dc5058a476047c430b9e25e59a3b5446
updated: 2019-11-26T16:32:54.654152225Z
imports:
- name: github.com/aws/aws-sdk-go
  version: da1bcf347b8a39f8222e2799f772112761b6f25c
  subpackages:
  - aws
  - aws/awserr
  - aws/awsutil
  - aws/client
  - aws/client/metadata
  - aws/corehandlers
  - aws/credentials
  - aws/credentials/ec2rolecreds
  - aws/credentials/endpointcreds
  - aws/credentials/processcreds
  - aws/credentials/stscreds
  - aws/csm
  - aws/defaults
  - aws/ec2metadata
  - aws/endpoints
  - aws/request
  - aws/session
  - aws/signer/v4
  - internal/ini
  - internal/sdkio
  - internal/sdkmath
  - internal/sdkrand
  - internal/sdkuri
  - internal/shareddefaults
  - private/protocol
  - private/protocol/json/jsonutil
  - private/protocol/jsonrpc
  - private/protocol/query
  - private/protocol/query/queryutil
  - private/protocol/rest
  - private/protocol/restjson
  - private/protocol/xml/xmlutil
  - service/sts
  - service/sts/stsiface
  - service/xray
- name: github.com/cihub/seelog
  version: f561c5e57575bb1e0a2167028b7339b3a8d16fb4
  subpackages:
  - archive
  - archive/gzip
  - archive/tar
  - archive/zip
- name: github.com/go-ole/go-ole
  version: a1ec82a652ebc7e784d7df887cfb31061aeabbcc
  subpackages:
  - oleutil
- name: github.com/golang/sys
  version: 9527bec2660bd847c050fda93a0f0c6dee0800bb
  subpackages:
  - windows
- name: github.com/jmespath/go-jmespath
  version: c2b33e8439af944379acbdd9c3a5fe0bc44bd8a5
- name: github.com/shirou/gopsutil
  version: bc5d02c9acfb50d18e651edb592eee0ab048c13a
  subpackages:
  - internal/common
  - mem
- name: github.com/StackExchange/wmi
  version: cdffdb33acae0e14efff2628f9bae377b597840e
- name: github.com/stretchr/testify
  version: c679ae2cc0cb27ec3293fea7e254e47386f05d69
  subpackages:
  - assert
  - mock
- name: golang.org/x/net
  version: 1e491301e022f8f977054da4c2d852decd59571f
  subpackages:
  - http/httpguts
  - http2
  - http2/hpack
  - idna
- name: golang.org/x/sys
  version: 9527bec2660bd847c050fda93a0f0c6dee0800bb
  subpackages:
  - unix
  - windows
  - windows/svc
- name: golang.org/x/text
  version: 5c1cf69b5978e5a34c5f9ba09a83e56acc4b7877
  subpackages:
  - secure/bidirule
  - transform
  - unicode/bidi
  - unicode/norm
- name: gopkg.in/yaml.v2
  version: 5420a8b6744d3b0345ab293f6fcba19c978f1183
testImports:
- name: github.com/davecgh/go-spew
  version: 8991bc29aa16c548c550c7ff78260e27b9ab7c73
  subpackages:
  - spew
- name: github.com/pmezard/go-difflib
  version: 792786c7400a136282c1664665ae0a8db921c6c2
  subpackages:
  - difflib
- name: github.com/stretchr/objx
  version: 0ab728f62c7f6fcd754334f7931c2dd659dce1d1
